// This is the go.mod file for the Gorilla Mux package, a powerful URL router and dispatcher
// for matching incoming requests to their respective handler. This version of the package is 1.8.1.
github.com/gorilla/mux v1.8.1

// This is the go.mod file for the Gorilla Mux package version 1.8.1.
github.com/gorilla/mux v1.8.1/go.mod

// This is the go.mod file for the Gorilla SecureCookie package, a package for securely
// signing and encrypting cookies. This version of the package is 1.1.2.
github.com/gorilla/securecookie v1.1.2

// This is the go.mod file for the Gorilla SecureCookie package version 1.1.2.
github.com/gorilla/securecookie v1.1.2/go.mod

// This is the go.mod file for the Gorilla Sessions package, a package for managing user sessions.
// This version of the package is 1.2.2.
github.com/gorilla/sessions v1.2.2

// This is the go.mod file for the Gorilla Sessions package version 1.2.2.
github.com/gorilla/sessions v1.2.2/go.mod

// This is the go.mod file for the Go SQLite3 package, a package for using SQLite databases with Go.
// This version of the package is 1.14.18.
github.com/mattn/go-sqlite3 v1.14.18

// This is the go.mod file for the Go SQLite3 package version 1.14.18.
github.com/mattn/go-sqlite3 v1.14.18/go.mod

// This is the go.mod file for the Go Crypto package, a package for cryptographic algorithms.
// This version of the package is 0.15.0.
golang.org/x/crypto v0.15.
